
Microsoft Visual Studio Solution File, Format Version 12.00
# Visual Studio 14
VisualStudioVersion = 14.0.25420.1
MinimumVisualStudioVersion = 10.0.40219.1
Project("{FAE04EC0-301F-11D3-BF4B-00C04F79EFBC}") = "MimAcher", "MimAcher\MimAcher.csproj", "{FCCB249C-6A6C-496C-A4BB-B210D2B329B8}"
EndProject
Project("{FAE04EC0-301F-11D3-BF4B-00C04F79EFBC}") = "MimAcher.Infra", "MimAcher.Infra\MimAcher.Infra.csproj", "{9B027F70-9628-4E22-8B2C-ACC951ACEBAC}"
EndProject
Project("{FAE04EC0-301F-11D3-BF4B-00C04F79EFBC}") = "MimAcher.WebService", "MimAcher.WebService\MimAcher.WebService.csproj", "{18BB90E4-98CD-47A4-8688-ECF9ACB27755}"
EndProject
Project("{FAE04EC0-301F-11D3-BF4B-00C04F79EFBC}") = "MimAcher.Aplicacao", "MimAcher.Aplicacao\MimAcher.Aplicacao.csproj", "{610C47C2-988B-47D7-993A-B3AC135A485E}"
EndProject
Project("{FAE04EC0-301F-11D3-BF4B-00C04F79EFBC}") = "MimAcher.Apresentacao", "MimAcher.Apresentacao\MimAcher.Apresentacao.csproj", "{9E43D46D-54D2-4CAC-B262-04DAB1311CD9}"
EndProject
Global
	GlobalSection(SolutionConfigurationPlatforms) = preSolution
		Debug|Any CPU = Debug|Any CPU
		Release|Any CPU = Release|Any CPU
	EndGlobalSection
	GlobalSection(ProjectConfigurationPlatforms) = postSolution
		{FCCB249C-6A6C-496C-A4BB-B210D2B329B8}.Debug|Any CPU.ActiveCfg = Debug|Any CPU
		{FCCB249C-6A6C-496C-A4BB-B210D2B329B8}.Debug|Any CPU.Build.0 = Debug|Any CPU
		{FCCB249C-6A6C-496C-A4BB-B210D2B329B8}.Debug|Any CPU.Deploy.0 = Debug|Any CPU
		{FCCB249C-6A6C-496C-A4BB-B210D2B329B8}.Release|Any CPU.ActiveCfg = Release|Any CPU
		{FCCB249C-6A6C-496C-A4BB-B210D2B329B8}.Release|Any CPU.Build.0 = Release|Any CPU
		{FCCB249C-6A6C-496C-A4BB-B210D2B329B8}.Release|Any CPU.Deploy.0 = Release|Any CPU
		{9B027F70-9628-4E22-8B2C-ACC951ACEBAC}.Debug|Any CPU.ActiveCfg = Debug|Any CPU
		{9B027F70-9628-4E22-8B2C-ACC951ACEBAC}.Debug|Any CPU.Build.0 = Debug|Any CPU
		{9B027F70-9628-4E22-8B2C-ACC951ACEBAC}.Release|Any CPU.ActiveCfg = Release|Any CPU
		{9B027F70-9628-4E22-8B2C-ACC951ACEBAC}.Release|Any CPU.Build.0 = Release|Any CPU
		{18BB90E4-98CD-47A4-8688-ECF9ACB27755}.Debug|Any CPU.ActiveCfg = Debug|Any CPU
		{18BB90E4-98CD-47A4-8688-ECF9ACB27755}.Debug|Any CPU.Build.0 = Debug|Any CPU
		{18BB90E4-98CD-47A4-8688-ECF9ACB27755}.Release|Any CPU.ActiveCfg = Release|Any CPU
		{18BB90E4-98CD-47A4-8688-ECF9ACB27755}.Release|Any CPU.Build.0 = Release|Any CPU
		{610C47C2-988B-47D7-993A-B3AC135A485E}.Debug|Any CPU.ActiveCfg = Debug|Any CPU
		{610C47C2-988B-47D7-993A-B3AC135A485E}.Debug|Any CPU.Build.0 = Debug|Any CPU
		{610C47C2-988B-47D7-993A-B3AC135A485E}.Release|Any CPU.ActiveCfg = Release|Any CPU
		{610C47C2-988B-47D7-993A-B3AC135A485E}.Release|Any CPU.Build.0 = Release|Any CPU
		{9E43D46D-54D2-4CAC-B262-04DAB1311CD9}.Debug|Any CPU.ActiveCfg = Debug|Any CPU
		{9E43D46D-54D2-4CAC-B262-04DAB1311CD9}.Debug|Any CPU.Build.0 = Debug|Any CPU
		{9E43D46D-54D2-4CAC-B262-04DAB1311CD9}.Release|Any CPU.ActiveCfg = Release|Any CPU
		{9E43D46D-54D2-4CAC-B262-04DAB1311CD9}.Release|Any CPU.Build.0 = Release|Any CPU
	EndGlobalSection
	GlobalSection(SolutionProperties) = preSolution
		HideSolutionNode = FALSE
	EndGlobalSection
EndGlobal
