
Microsoft Visual Studio Solution File, Format Version 12.00
# Visual Studio 14
VisualStudioVersion = 14.0.25420.1
MinimumVisualStudioVersion = 10.0.40219.1
Project("{FAE04EC0-301F-11D3-BF4B-00C04F79EFBC}") = "MimAcher.Mobile", "MimAcher\MimAcher.Mobile.csproj", "{FCCB249C-6A6C-496C-A4BB-B210D2B329B8}"
EndProject
Project("{FAE04EC0-301F-11D3-BF4B-00C04F79EFBC}") = "Testes", "Testes\Testes.csproj", "{5E9F6D30-200E-47B3-83C4-D22429BC9AC9}"
	ProjectSection(ProjectDependencies) = postProject
		{FCCB249C-6A6C-496C-A4BB-B210D2B329B8} = {FCCB249C-6A6C-496C-A4BB-B210D2B329B8}
	EndProjectSection
EndProject
Project("{FAE04EC0-301F-11D3-BF4B-00C04F79EFBC}") = "MimAcher.GeradorDados", "MimAcher.GeradorDados\MimAcher.GeradorDados.csproj", "{01E32BD5-94B3-4B42-A02B-C384AB2EF69F}"
	ProjectSection(ProjectDependencies) = postProject
		{FCCB249C-6A6C-496C-A4BB-B210D2B329B8} = {FCCB249C-6A6C-496C-A4BB-B210D2B329B8}
	EndProjectSection
EndProject
Project("{FAE04EC0-301F-11D3-BF4B-00C04F79EFBC}") = "MimAcher.Postgres", "MimAcher.Postgres\MimAcher.Postgres.csproj", "{018DDEA6-EAC5-4796-9B69-0480343AC5A7}"
EndProject
Global
	GlobalSection(SolutionConfigurationPlatforms) = preSolution
		Debug|Any CPU = Debug|Any CPU
		Release|Any CPU = Release|Any CPU
	EndGlobalSection
	GlobalSection(ProjectConfigurationPlatforms) = postSolution
		{FCCB249C-6A6C-496C-A4BB-B210D2B329B8}.Debug|Any CPU.ActiveCfg = Debug|Any CPU
		{FCCB249C-6A6C-496C-A4BB-B210D2B329B8}.Debug|Any CPU.Build.0 = Debug|Any CPU
		{FCCB249C-6A6C-496C-A4BB-B210D2B329B8}.Debug|Any CPU.Deploy.0 = Debug|Any CPU
		{FCCB249C-6A6C-496C-A4BB-B210D2B329B8}.Release|Any CPU.ActiveCfg = Release|Any CPU
		{FCCB249C-6A6C-496C-A4BB-B210D2B329B8}.Release|Any CPU.Build.0 = Release|Any CPU
		{FCCB249C-6A6C-496C-A4BB-B210D2B329B8}.Release|Any CPU.Deploy.0 = Release|Any CPU
		{5E9F6D30-200E-47B3-83C4-D22429BC9AC9}.Debug|Any CPU.ActiveCfg = Debug|Any CPU
		{5E9F6D30-200E-47B3-83C4-D22429BC9AC9}.Debug|Any CPU.Build.0 = Debug|Any CPU
		{5E9F6D30-200E-47B3-83C4-D22429BC9AC9}.Release|Any CPU.ActiveCfg = Release|Any CPU
		{5E9F6D30-200E-47B3-83C4-D22429BC9AC9}.Release|Any CPU.Build.0 = Release|Any CPU
		{01E32BD5-94B3-4B42-A02B-C384AB2EF69F}.Debug|Any CPU.ActiveCfg = Debug|Any CPU
		{01E32BD5-94B3-4B42-A02B-C384AB2EF69F}.Debug|Any CPU.Build.0 = Debug|Any CPU
		{01E32BD5-94B3-4B42-A02B-C384AB2EF69F}.Release|Any CPU.ActiveCfg = Release|Any CPU
		{01E32BD5-94B3-4B42-A02B-C384AB2EF69F}.Release|Any CPU.Build.0 = Release|Any CPU
		{018DDEA6-EAC5-4796-9B69-0480343AC5A7}.Debug|Any CPU.ActiveCfg = Debug|Any CPU
		{018DDEA6-EAC5-4796-9B69-0480343AC5A7}.Debug|Any CPU.Build.0 = Debug|Any CPU
		{018DDEA6-EAC5-4796-9B69-0480343AC5A7}.Release|Any CPU.ActiveCfg = Release|Any CPU
		{018DDEA6-EAC5-4796-9B69-0480343AC5A7}.Release|Any CPU.Build.0 = Release|Any CPU
	EndGlobalSection
	GlobalSection(SolutionProperties) = preSolution
		HideSolutionNode = FALSE
	EndGlobalSection
EndGlobal
