
Microsoft Visual Studio Solution File, Format Version 12.00
# Visual Studio 14
VisualStudioVersion = 14.0.25420.1
MinimumVisualStudioVersion = 10.0.40219.1
Project("{FAE04EC0-301F-11D3-BF4B-00C04F79EFBC}") = "MimAcher.Infra", "MimAcher.Infra\MimAcher.Infra.csproj", "{9B027F70-9628-4E22-8B2C-ACC951ACEBAC}"
EndProject
Project("{FAE04EC0-301F-11D3-BF4B-00C04F79EFBC}") = "MimAcher.Aplicacao", "MimAcher.Aplicacao\MimAcher.Aplicacao.csproj", "{610C47C2-988B-47D7-993A-B3AC135A485E}"
EndProject
Project("{FAE04EC0-301F-11D3-BF4B-00C04F79EFBC}") = "MimAcher.Apresentacao", "MimAcher.Apresentacao\MimAcher.Apresentacao.csproj", "{4F03FDE7-A6EB-4762-8009-C88FE8236036}"
EndProject
Project("{FAE04EC0-301F-11D3-BF4B-00C04F79EFBC}") = "MimAcher.Apresentacao.Tests", "MimAcher.Apresentacao.Tests\MimAcher.Apresentacao.Tests.csproj", "{84DDDC3B-42E3-47D7-8A19-1A74EC775582}"
EndProject
Project("{FAE04EC0-301F-11D3-BF4B-00C04F79EFBC}") = "MimAcher.WebService", "MimAcher.WebService\MimAcher.WebService.csproj", "{DC507125-4EC6-40D8-AD3B-1A75C73F6DCE}"
EndProject
Project("{FAE04EC0-301F-11D3-BF4B-00C04F79EFBC}") = "MimAcher.WebService.Tests", "MimAcher.WebService.Tests\MimAcher.WebService.Tests.csproj", "{0BEE1434-0479-4EA2-8309-7B4479F4EA42}"
EndProject
Project("{FAE04EC0-301F-11D3-BF4B-00C04F79EFBC}") = "MimAcher.Dominio", "MimAcher.Dominio\MimAcher.Dominio.csproj", "{CADCA1C1-7EAC-4695-8F7A-43863DB2B982}"
EndProject
Project("{FAE04EC0-301F-11D3-BF4B-00C04F79EFBC}") = "MimAcher.GeradorDados", "MimAcher.GeradorDados\MimAcher.GeradorDados.csproj", "{01E32BD5-94B3-4B42-A02B-C384AB2EF69F}"
EndProject
Project("{FAE04EC0-301F-11D3-BF4B-00C04F79EFBC}") = "MimAcher.Mobile", "MimAcher.Mobile\MimAcher.Mobile.csproj", "{FCCB249C-6A6C-496C-A4BB-B210D2B329B8}"
EndProject
Project("{FAE04EC0-301F-11D3-BF4B-00C04F79EFBC}") = "MimAcher.CursorBDLocal", "MimAcher.Postgres\MimAcher.CursorBDLocal.csproj", "{018DDEA6-EAC5-4796-9B69-0480343AC5A7}"
EndProject
Project("{FAE04EC0-301F-11D3-BF4B-00C04F79EFBC}") = "MimAcher.Testes.Mobile", "MimAcher.Testes.Mobile\MimAcher.Testes.Mobile.csproj", "{5E9F6D30-200E-47B3-83C4-D22429BC9AC9}"
EndProject
Project("{FAE04EC0-301F-11D3-BF4B-00C04F79EFBC}") = "MimAcher.Teste.CursorWebService", "MimAcher.Teste.CursorWebService\MimAcher.Teste.CursorWebService.csproj", "{0AF6FE8C-E9C5-4ACB-BD1C-499C4F1F3415}"
	ProjectSection(ProjectDependencies) = postProject
		{FCCB249C-6A6C-496C-A4BB-B210D2B329B8} = {FCCB249C-6A6C-496C-A4BB-B210D2B329B8}
		{01E32BD5-94B3-4B42-A02B-C384AB2EF69F} = {01E32BD5-94B3-4B42-A02B-C384AB2EF69F}
	EndProjectSection
EndProject
Global
	GlobalSection(SolutionConfigurationPlatforms) = preSolution
		Debug|Any CPU = Debug|Any CPU
		Release|Any CPU = Release|Any CPU
	EndGlobalSection
	GlobalSection(ProjectConfigurationPlatforms) = postSolution
		{9B027F70-9628-4E22-8B2C-ACC951ACEBAC}.Debug|Any CPU.ActiveCfg = Debug|Any CPU
		{9B027F70-9628-4E22-8B2C-ACC951ACEBAC}.Debug|Any CPU.Build.0 = Debug|Any CPU
		{9B027F70-9628-4E22-8B2C-ACC951ACEBAC}.Release|Any CPU.ActiveCfg = Release|Any CPU
		{9B027F70-9628-4E22-8B2C-ACC951ACEBAC}.Release|Any CPU.Build.0 = Release|Any CPU
		{610C47C2-988B-47D7-993A-B3AC135A485E}.Debug|Any CPU.ActiveCfg = Debug|Any CPU
		{610C47C2-988B-47D7-993A-B3AC135A485E}.Debug|Any CPU.Build.0 = Debug|Any CPU
		{610C47C2-988B-47D7-993A-B3AC135A485E}.Release|Any CPU.ActiveCfg = Release|Any CPU
		{610C47C2-988B-47D7-993A-B3AC135A485E}.Release|Any CPU.Build.0 = Release|Any CPU
		{4F03FDE7-A6EB-4762-8009-C88FE8236036}.Debug|Any CPU.ActiveCfg = Debug|Any CPU
		{4F03FDE7-A6EB-4762-8009-C88FE8236036}.Debug|Any CPU.Build.0 = Debug|Any CPU
		{4F03FDE7-A6EB-4762-8009-C88FE8236036}.Release|Any CPU.ActiveCfg = Release|Any CPU
		{4F03FDE7-A6EB-4762-8009-C88FE8236036}.Release|Any CPU.Build.0 = Release|Any CPU
		{84DDDC3B-42E3-47D7-8A19-1A74EC775582}.Debug|Any CPU.ActiveCfg = Debug|Any CPU
		{84DDDC3B-42E3-47D7-8A19-1A74EC775582}.Debug|Any CPU.Build.0 = Debug|Any CPU
		{84DDDC3B-42E3-47D7-8A19-1A74EC775582}.Release|Any CPU.ActiveCfg = Release|Any CPU
		{84DDDC3B-42E3-47D7-8A19-1A74EC775582}.Release|Any CPU.Build.0 = Release|Any CPU
		{DC507125-4EC6-40D8-AD3B-1A75C73F6DCE}.Debug|Any CPU.ActiveCfg = Debug|Any CPU
		{DC507125-4EC6-40D8-AD3B-1A75C73F6DCE}.Debug|Any CPU.Build.0 = Debug|Any CPU
		{DC507125-4EC6-40D8-AD3B-1A75C73F6DCE}.Release|Any CPU.ActiveCfg = Release|Any CPU
		{DC507125-4EC6-40D8-AD3B-1A75C73F6DCE}.Release|Any CPU.Build.0 = Release|Any CPU
		{0BEE1434-0479-4EA2-8309-7B4479F4EA42}.Debug|Any CPU.ActiveCfg = Debug|Any CPU
		{0BEE1434-0479-4EA2-8309-7B4479F4EA42}.Debug|Any CPU.Build.0 = Debug|Any CPU
		{0BEE1434-0479-4EA2-8309-7B4479F4EA42}.Release|Any CPU.ActiveCfg = Release|Any CPU
		{0BEE1434-0479-4EA2-8309-7B4479F4EA42}.Release|Any CPU.Build.0 = Release|Any CPU
		{CADCA1C1-7EAC-4695-8F7A-43863DB2B982}.Debug|Any CPU.ActiveCfg = Debug|Any CPU
		{CADCA1C1-7EAC-4695-8F7A-43863DB2B982}.Debug|Any CPU.Build.0 = Debug|Any CPU
		{CADCA1C1-7EAC-4695-8F7A-43863DB2B982}.Release|Any CPU.ActiveCfg = Release|Any CPU
		{CADCA1C1-7EAC-4695-8F7A-43863DB2B982}.Release|Any CPU.Build.0 = Release|Any CPU
		{01E32BD5-94B3-4B42-A02B-C384AB2EF69F}.Debug|Any CPU.ActiveCfg = Debug|Any CPU
		{01E32BD5-94B3-4B42-A02B-C384AB2EF69F}.Debug|Any CPU.Build.0 = Debug|Any CPU
		{01E32BD5-94B3-4B42-A02B-C384AB2EF69F}.Release|Any CPU.ActiveCfg = Release|Any CPU
		{01E32BD5-94B3-4B42-A02B-C384AB2EF69F}.Release|Any CPU.Build.0 = Release|Any CPU
		{FCCB249C-6A6C-496C-A4BB-B210D2B329B8}.Debug|Any CPU.ActiveCfg = Debug|Any CPU
		{FCCB249C-6A6C-496C-A4BB-B210D2B329B8}.Debug|Any CPU.Build.0 = Debug|Any CPU
		{FCCB249C-6A6C-496C-A4BB-B210D2B329B8}.Debug|Any CPU.Deploy.0 = Debug|Any CPU
		{FCCB249C-6A6C-496C-A4BB-B210D2B329B8}.Release|Any CPU.ActiveCfg = Release|Any CPU
		{FCCB249C-6A6C-496C-A4BB-B210D2B329B8}.Release|Any CPU.Build.0 = Release|Any CPU
		{FCCB249C-6A6C-496C-A4BB-B210D2B329B8}.Release|Any CPU.Deploy.0 = Release|Any CPU
		{018DDEA6-EAC5-4796-9B69-0480343AC5A7}.Debug|Any CPU.ActiveCfg = Debug|Any CPU
		{018DDEA6-EAC5-4796-9B69-0480343AC5A7}.Debug|Any CPU.Build.0 = Debug|Any CPU
		{018DDEA6-EAC5-4796-9B69-0480343AC5A7}.Release|Any CPU.ActiveCfg = Release|Any CPU
		{018DDEA6-EAC5-4796-9B69-0480343AC5A7}.Release|Any CPU.Build.0 = Release|Any CPU
		{5E9F6D30-200E-47B3-83C4-D22429BC9AC9}.Debug|Any CPU.ActiveCfg = Debug|Any CPU
		{5E9F6D30-200E-47B3-83C4-D22429BC9AC9}.Debug|Any CPU.Build.0 = Debug|Any CPU
		{5E9F6D30-200E-47B3-83C4-D22429BC9AC9}.Release|Any CPU.ActiveCfg = Release|Any CPU
		{5E9F6D30-200E-47B3-83C4-D22429BC9AC9}.Release|Any CPU.Build.0 = Release|Any CPU
		{0AF6FE8C-E9C5-4ACB-BD1C-499C4F1F3415}.Debug|Any CPU.ActiveCfg = Debug|Any CPU
		{0AF6FE8C-E9C5-4ACB-BD1C-499C4F1F3415}.Debug|Any CPU.Build.0 = Debug|Any CPU
		{0AF6FE8C-E9C5-4ACB-BD1C-499C4F1F3415}.Release|Any CPU.ActiveCfg = Release|Any CPU
		{0AF6FE8C-E9C5-4ACB-BD1C-499C4F1F3415}.Release|Any CPU.Build.0 = Release|Any CPU
	EndGlobalSection
	GlobalSection(SolutionProperties) = preSolution
		HideSolutionNode = FALSE
	EndGlobalSection
EndGlobal
